
Microsoft Visual Studio Solution File, Format Version 12.00
# Visual Studio Version 17
VisualStudioVersion = 17.5.33530.505
MinimumVisualStudioVersion = 10.0.40219.1
Project("{FAE04EC0-301F-11D3-BF4B-00C04F79EFBC}") = "18th Day", "18th Day.csproj", "{8B6ABFD0-BEC8-4DF0-AA22-F5DC20E1650E}"
EndProject
Global
	GlobalSection(SolutionConfigurationPlatforms) = preSolution
		Debug|Any CPU = Debug|Any CPU
		Release|Any CPU = Release|Any CPU
	EndGlobalSection
	GlobalSection(ProjectConfigurationPlatforms) = postSolution
		{8B6ABFD0-BEC8-4DF0-AA22-F5DC20E1650E}.Debug|Any CPU.ActiveCfg = Debug|Any CPU
		{8B6ABFD0-BEC8-4DF0-AA22-F5DC20E1650E}.Debug|Any CPU.Build.0 = Debug|Any CPU
		{8B6ABFD0-BEC8-4DF0-AA22-F5DC20E1650E}.Release|Any CPU.ActiveCfg = Release|Any CPU
		{8B6ABFD0-BEC8-4DF0-AA22-F5DC20E1650E}.Release|Any CPU.Build.0 = Release|Any CPU
	EndGlobalSection
	GlobalSection(SolutionProperties) = preSolution
		HideSolutionNode = FALSE
	EndGlobalSection
	GlobalSection(ExtensibilityGlobals) = postSolution
		SolutionGuid = {E4B1F49B-C47A-4173-9E6F-AA44702C125B}
	EndGlobalSection
EndGlobal
