
Microsoft Visual Studio Solution File, Format Version 12.00
# Visual Studio Version 17
VisualStudioVersion = 17.4.33213.308
MinimumVisualStudioVersion = 10.0.40219.1
Project("{8BC9CEB8-8B4A-11D0-8D11-00A0C91BC942}") = "13th Day", "13th Day.vcxproj", "{FABFD149-077F-4814-9F12-54E8AE24DBAD}"
EndProject
Global
	GlobalSection(SolutionConfigurationPlatforms) = preSolution
		Debug|x64 = Debug|x64
		Debug|x86 = Debug|x86
		Release|x64 = Release|x64
		Release|x86 = Release|x86
	EndGlobalSection
	GlobalSection(ProjectConfigurationPlatforms) = postSolution
		{FABFD149-077F-4814-9F12-54E8AE24DBAD}.Debug|x64.ActiveCfg = Debug|x64
		{FABFD149-077F-4814-9F12-54E8AE24DBAD}.Debug|x64.Build.0 = Debug|x64
		{FABFD149-077F-4814-9F12-54E8AE24DBAD}.Debug|x86.ActiveCfg = Debug|Win32
		{FABFD149-077F-4814-9F12-54E8AE24DBAD}.Debug|x86.Build.0 = Debug|Win32
		{FABFD149-077F-4814-9F12-54E8AE24DBAD}.Release|x64.ActiveCfg = Release|x64
		{FABFD149-077F-4814-9F12-54E8AE24DBAD}.Release|x64.Build.0 = Release|x64
		{FABFD149-077F-4814-9F12-54E8AE24DBAD}.Release|x86.ActiveCfg = Release|Win32
		{FABFD149-077F-4814-9F12-54E8AE24DBAD}.Release|x86.Build.0 = Release|Win32
	EndGlobalSection
	GlobalSection(SolutionProperties) = preSolution
		HideSolutionNode = FALSE
	EndGlobalSection
	GlobalSection(ExtensibilityGlobals) = postSolution
		SolutionGuid = {635349AD-D5AB-461E-8570-C857382696E1}
	EndGlobalSection
EndGlobal
